
Microsoft Visual Studio Solution File, Format Version 12.00
# Visual Studio Version 17
VisualStudioVersion = 17.0.31903.59
MinimumVisualStudioVersion = 10.0.40219.1
Project("{2150E333-8FDC-42A3-9474-1A3956D46DE8}") = "src", "src", "{BFB6131D-F807-432C-9839-7453461EB708}"
EndProject
Project("{2150E333-8FDC-42A3-9474-1A3956D46DE8}") = "tests", "tests", "{D20F5B3B-5D9E-489A-822B-EEB61493484F}"
EndProject
Project("{2150E333-8FDC-42A3-9474-1A3956D46DE8}") = "Solution Items", "Solution Items", "{5EAC9587-4471-4861-A498-46F83D438EBC}"
	ProjectSection(SolutionItems) = preProject
		.editorconfig = .editorconfig
		.gitignore = .gitignore
		.config\dotnet-tools.json = .config\dotnet-tools.json
		global.json = global.json
	EndProjectSection
EndProject
Project("{9A19103F-16F7-4668-BE54-9A1E7A4F7556}") = "Domain", "src\Domain\Domain.csproj", "{07C2E511-0D42-4929-BC55-CBAC6E2DC2D8}"
EndProject
Project("{9A19103F-16F7-4668-BE54-9A1E7A4F7556}") = "Application", "src\Application\Application.csproj", "{53FBBCB6-F326-487B-8A79-3BF67C5067C8}"
EndProject
Project("{9A19103F-16F7-4668-BE54-9A1E7A4F7556}") = "Infrastructure", "src\Infrastructure\Infrastructure.csproj", "{666A9FFF-85F0-4148-BE3C-248438788DFE}"
EndProject
Project("{9A19103F-16F7-4668-BE54-9A1E7A4F7556}") = "WebUI", "src\WebUI\WebUI.csproj", "{945A2AD8-2112-4239-8F8A-058D7DBC6127}"
EndProject
Project("{9A19103F-16F7-4668-BE54-9A1E7A4F7556}") = "Domain.UnitTests", "tests\Domain.UnitTests\Domain.UnitTests.csproj", "{2286413B-FF55-481C-BF07-A8CCA63984E2}"
EndProject
Project("{9A19103F-16F7-4668-BE54-9A1E7A4F7556}") = "Application.UnitTests", "tests\Application.UnitTests\Application.UnitTests.csproj", "{ABD8A105-A2D9-4AE9-A852-315974360241}"
EndProject
Project("{9A19103F-16F7-4668-BE54-9A1E7A4F7556}") = "Application.IntegrationTests", "tests\Application.IntegrationTests\Application.IntegrationTests.csproj", "{2AE2DC71-D7FF-4596-99B9-C531CF0B0D69}"
EndProject
Project("{9A19103F-16F7-4668-BE54-9A1E7A4F7556}") = "WebUI.AcceptanceTests", "tests\WebUI.AcceptanceTests\WebUI.AcceptanceTests.csproj", "{51DC2F42-6A13-4CCC-AAB5-1C05C1C0E877}"
EndProject
Global
	GlobalSection(SolutionConfigurationPlatforms) = preSolution
		Debug|Any CPU = Debug|Any CPU
		Release|Any CPU = Release|Any CPU
	EndGlobalSection
	GlobalSection(ProjectConfigurationPlatforms) = postSolution
		{07C2E511-0D42-4929-BC55-CBAC6E2DC2D8}.Debug|Any CPU.ActiveCfg = Debug|Any CPU
		{07C2E511-0D42-4929-BC55-CBAC6E2DC2D8}.Debug|Any CPU.Build.0 = Debug|Any CPU
		{07C2E511-0D42-4929-BC55-CBAC6E2DC2D8}.Release|Any CPU.ActiveCfg = Release|Any CPU
		{07C2E511-0D42-4929-BC55-CBAC6E2DC2D8}.Release|Any CPU.Build.0 = Release|Any CPU
		{53FBBCB6-F326-487B-8A79-3BF67C5067C8}.Debug|Any CPU.ActiveCfg = Debug|Any CPU
		{53FBBCB6-F326-487B-8A79-3BF67C5067C8}.Debug|Any CPU.Build.0 = Debug|Any CPU
		{53FBBCB6-F326-487B-8A79-3BF67C5067C8}.Release|Any CPU.ActiveCfg = Release|Any CPU
		{53FBBCB6-F326-487B-8A79-3BF67C5067C8}.Release|Any CPU.Build.0 = Release|Any CPU
		{666A9FFF-85F0-4148-BE3C-248438788DFE}.Debug|Any CPU.ActiveCfg = Debug|Any CPU
		{666A9FFF-85F0-4148-BE3C-248438788DFE}.Debug|Any CPU.Build.0 = Debug|Any CPU
		{666A9FFF-85F0-4148-BE3C-248438788DFE}.Release|Any CPU.ActiveCfg = Release|Any CPU
		{666A9FFF-85F0-4148-BE3C-248438788DFE}.Release|Any CPU.Build.0 = Release|Any CPU
		{945A2AD8-2112-4239-8F8A-058D7DBC6127}.Debug|Any CPU.ActiveCfg = Debug|Any CPU
		{945A2AD8-2112-4239-8F8A-058D7DBC6127}.Debug|Any CPU.Build.0 = Debug|Any CPU
		{945A2AD8-2112-4239-8F8A-058D7DBC6127}.Release|Any CPU.ActiveCfg = Release|Any CPU
		{945A2AD8-2112-4239-8F8A-058D7DBC6127}.Release|Any CPU.Build.0 = Release|Any CPU
		{2286413B-FF55-481C-BF07-A8CCA63984E2}.Debug|Any CPU.ActiveCfg = Debug|Any CPU
		{2286413B-FF55-481C-BF07-A8CCA63984E2}.Debug|Any CPU.Build.0 = Debug|Any CPU
		{2286413B-FF55-481C-BF07-A8CCA63984E2}.Release|Any CPU.ActiveCfg = Release|Any CPU
		{2286413B-FF55-481C-BF07-A8CCA63984E2}.Release|Any CPU.Build.0 = Release|Any CPU
		{ABD8A105-A2D9-4AE9-A852-315974360241}.Debug|Any CPU.ActiveCfg = Debug|Any CPU
		{ABD8A105-A2D9-4AE9-A852-315974360241}.Debug|Any CPU.Build.0 = Debug|Any CPU
		{ABD8A105-A2D9-4AE9-A852-315974360241}.Release|Any CPU.ActiveCfg = Release|Any CPU
		{ABD8A105-A2D9-4AE9-A852-315974360241}.Release|Any CPU.Build.0 = Release|Any CPU
		{2AE2DC71-D7FF-4596-99B9-C531CF0B0D69}.Debug|Any CPU.ActiveCfg = Debug|Any CPU
		{2AE2DC71-D7FF-4596-99B9-C531CF0B0D69}.Debug|Any CPU.Build.0 = Debug|Any CPU
		{2AE2DC71-D7FF-4596-99B9-C531CF0B0D69}.Release|Any CPU.ActiveCfg = Release|Any CPU
		{2AE2DC71-D7FF-4596-99B9-C531CF0B0D69}.Release|Any CPU.Build.0 = Release|Any CPU
		{51DC2F42-6A13-4CCC-AAB5-1C05C1C0E877}.Debug|Any CPU.ActiveCfg = Debug|Any CPU
		{51DC2F42-6A13-4CCC-AAB5-1C05C1C0E877}.Debug|Any CPU.Build.0 = Debug|Any CPU
		{51DC2F42-6A13-4CCC-AAB5-1C05C1C0E877}.Release|Any CPU.ActiveCfg = Release|Any CPU
		{51DC2F42-6A13-4CCC-AAB5-1C05C1C0E877}.Release|Any CPU.Build.0 = Release|Any CPU
	EndGlobalSection
	GlobalSection(SolutionProperties) = preSolution
		HideSolutionNode = FALSE
	EndGlobalSection
	GlobalSection(NestedProjects) = preSolution
		{07C2E511-0D42-4929-BC55-CBAC6E2DC2D8} = {BFB6131D-F807-432C-9839-7453461EB708}
		{53FBBCB6-F326-487B-8A79-3BF67C5067C8} = {BFB6131D-F807-432C-9839-7453461EB708}
		{666A9FFF-85F0-4148-BE3C-248438788DFE} = {BFB6131D-F807-432C-9839-7453461EB708}
		{945A2AD8-2112-4239-8F8A-058D7DBC6127} = {BFB6131D-F807-432C-9839-7453461EB708}
		{2286413B-FF55-481C-BF07-A8CCA63984E2} = {D20F5B3B-5D9E-489A-822B-EEB61493484F}
		{ABD8A105-A2D9-4AE9-A852-315974360241} = {D20F5B3B-5D9E-489A-822B-EEB61493484F}
		{2AE2DC71-D7FF-4596-99B9-C531CF0B0D69} = {D20F5B3B-5D9E-489A-822B-EEB61493484F}
		{51DC2F42-6A13-4CCC-AAB5-1C05C1C0E877} = {D20F5B3B-5D9E-489A-822B-EEB61493484F}
	EndGlobalSection
	GlobalSection(ExtensibilityGlobals) = postSolution
		SolutionGuid = {8A4CCF5A-928B-45C1-A01A-D33A49AEEBB1}
	EndGlobalSection
EndGlobal
